
Microsoft Visual Studio Solution File, Format Version 12.00
# Visual Studio Version 17
VisualStudioVersion = 17.6.33801.468
MinimumVisualStudioVersion = 10.0.40219.1
Project("{9A19103F-16F7-4668-BE54-9A1E7A4F7556}") = "SafineBackEnd", "SafineBackEnd\SafineBackEnd.csproj", "{497956B2-68BC-46B8-9209-6540E43964B6}"
EndProject
Project("{FAE04EC0-301F-11D3-BF4B-00C04F79EFBC}") = "SafineGRPC", "GRPC\SafineGRPC.csproj", "{A7F1EECB-5F57-4AB9-BDA5-91E0BABFD120}"
EndProject
Project("{FAE04EC0-301F-11D3-BF4B-00C04F79EFBC}") = "Domain", "Domain\Domain.csproj", "{582FD9C9-43C4-4F56-84F8-87906155B2C7}"
EndProject
Project("{FAE04EC0-301F-11D3-BF4B-00C04F79EFBC}") = "Mongo", "Mongo\Mongo.csproj", "{608F41B1-5C3F-480B-9109-3AA020330CF0}"
EndProject
Global
	GlobalSection(SolutionConfigurationPlatforms) = preSolution
		Debug|Any CPU = Debug|Any CPU
		Release|Any CPU = Release|Any CPU
	EndGlobalSection
	GlobalSection(ProjectConfigurationPlatforms) = postSolution
		{497956B2-68BC-46B8-9209-6540E43964B6}.Debug|Any CPU.ActiveCfg = Debug|Any CPU
		{497956B2-68BC-46B8-9209-6540E43964B6}.Debug|Any CPU.Build.0 = Debug|Any CPU
		{497956B2-68BC-46B8-9209-6540E43964B6}.Release|Any CPU.ActiveCfg = Release|Any CPU
		{497956B2-68BC-46B8-9209-6540E43964B6}.Release|Any CPU.Build.0 = Release|Any CPU
		{A7F1EECB-5F57-4AB9-BDA5-91E0BABFD120}.Debug|Any CPU.ActiveCfg = Debug|Any CPU
		{A7F1EECB-5F57-4AB9-BDA5-91E0BABFD120}.Debug|Any CPU.Build.0 = Debug|Any CPU
		{A7F1EECB-5F57-4AB9-BDA5-91E0BABFD120}.Release|Any CPU.ActiveCfg = Release|Any CPU
		{A7F1EECB-5F57-4AB9-BDA5-91E0BABFD120}.Release|Any CPU.Build.0 = Release|Any CPU
		{582FD9C9-43C4-4F56-84F8-87906155B2C7}.Debug|Any CPU.ActiveCfg = Debug|Any CPU
		{582FD9C9-43C4-4F56-84F8-87906155B2C7}.Debug|Any CPU.Build.0 = Debug|Any CPU
		{582FD9C9-43C4-4F56-84F8-87906155B2C7}.Release|Any CPU.ActiveCfg = Release|Any CPU
		{582FD9C9-43C4-4F56-84F8-87906155B2C7}.Release|Any CPU.Build.0 = Release|Any CPU
		{608F41B1-5C3F-480B-9109-3AA020330CF0}.Debug|Any CPU.ActiveCfg = Debug|Any CPU
		{608F41B1-5C3F-480B-9109-3AA020330CF0}.Debug|Any CPU.Build.0 = Debug|Any CPU
		{608F41B1-5C3F-480B-9109-3AA020330CF0}.Release|Any CPU.ActiveCfg = Release|Any CPU
		{608F41B1-5C3F-480B-9109-3AA020330CF0}.Release|Any CPU.Build.0 = Release|Any CPU
	EndGlobalSection
	GlobalSection(SolutionProperties) = preSolution
		HideSolutionNode = FALSE
	EndGlobalSection
	GlobalSection(ExtensibilityGlobals) = postSolution
		SolutionGuid = {63D7F662-91F2-46DC-AC86-143C85BD212D}
	EndGlobalSection
EndGlobal
